
Microsoft Visual Studio Solution File, Format Version 12.00
# Visual Studio Version 17
VisualStudioVersion = 17.6.33723.286
MinimumVisualStudioVersion = 10.0.40219.1
Project("{FAE04EC0-301F-11D3-BF4B-00C04F79EFBC}") = "Broadband", "Broadband\Broadband.csproj", "{3CCCBA34-EFFD-4E9C-B162-F425CF736E09}"
EndProject
Global
	GlobalSection(SolutionConfigurationPlatforms) = preSolution
		Debug|Any CPU = Debug|Any CPU
		Release|Any CPU = Release|Any CPU
	EndGlobalSection
	GlobalSection(ProjectConfigurationPlatforms) = postSolution
		{3CCCBA34-EFFD-4E9C-B162-F425CF736E09}.Debug|Any CPU.ActiveCfg = Debug|Any CPU
		{3CCCBA34-EFFD-4E9C-B162-F425CF736E09}.Debug|Any CPU.Build.0 = Debug|Any CPU
		{3CCCBA34-EFFD-4E9C-B162-F425CF736E09}.Release|Any CPU.ActiveCfg = Release|Any CPU
		{3CCCBA34-EFFD-4E9C-B162-F425CF736E09}.Release|Any CPU.Build.0 = Release|Any CPU
	EndGlobalSection
	GlobalSection(SolutionProperties) = preSolution
		HideSolutionNode = FALSE
	EndGlobalSection
	GlobalSection(ExtensibilityGlobals) = postSolution
		SolutionGuid = {289B5877-771A-4A75-82AC-E9FADDBE43C9}
	EndGlobalSection
EndGlobal
